
Microsoft Visual Studio Solution File, Format Version 12.00
# Visual Studio Version 16
VisualStudioVersion = 16.0.810.25
MinimumVisualStudioVersion = 10.0.40219.1
Project("{FAE04EC0-301F-11D3-BF4B-00C04F79EFBC}") = "LambdaOperator", "LambdaOperator.csproj", "{44E3AA5C-14A8-4664-92B9-8487F3B53D08}"
EndProject
Global
	GlobalSection(SolutionConfigurationPlatforms) = preSolution
		Debug|Any CPU = Debug|Any CPU
		Release|Any CPU = Release|Any CPU
	EndGlobalSection
	GlobalSection(ProjectConfigurationPlatforms) = postSolution
		{44E3AA5C-14A8-4664-92B9-8487F3B53D08}.Debug|Any CPU.ActiveCfg = Debug|Any CPU
		{44E3AA5C-14A8-4664-92B9-8487F3B53D08}.Debug|Any CPU.Build.0 = Debug|Any CPU
		{44E3AA5C-14A8-4664-92B9-8487F3B53D08}.Release|Any CPU.ActiveCfg = Release|Any CPU
		{44E3AA5C-14A8-4664-92B9-8487F3B53D08}.Release|Any CPU.Build.0 = Release|Any CPU
	EndGlobalSection
	GlobalSection(SolutionProperties) = preSolution
		HideSolutionNode = FALSE
	EndGlobalSection
	GlobalSection(ExtensibilityGlobals) = postSolution
		SolutionGuid = {5BFF7621-B1CD-4C8F-A025-1CFBAF91AE5C}
	EndGlobalSection
EndGlobal
